// !$*UTF8*$!
{
	archiveVersion = 1;
	classes = {
	};
	objectVersion = 46;
	objects = {

/* Begin PBXBuildFile section */
		557292571816D121004EFD8A /* Foundation.framework in Frameworks */ = {isa = PBXBuildFile; fileRef = 557292561816D121004EFD8A /* Foundation.framework */; };
		557292651816D121004EFD8A /* XCTest.framework in Frameworks */ = {isa = PBXBuildFile; fileRef = 557292641816D121004EFD8A /* XCTest.framework */; };
		557292661816D121004EFD8A /* Foundation.framework in Frameworks */ = {isa = PBXBuildFile; fileRef = 557292561816D121004EFD8A /* Foundation.framework */; };
		557292681816D121004EFD8A /* UIKit.framework in Frameworks */ = {isa = PBXBuildFile; fileRef = 557292671816D121004EFD8A /* UIKit.framework */; };
		5572926B1816D121004EFD8A /* libExampleCoreLib.a in Frameworks */ = {isa = PBXBuildFile; fileRef = 557292531816D121004EFD8A /* libExampleCoreLib.a */; };
		557292711816D121004EFD8A /* InfoPlist.strings in Resources */ = {isa = PBXBuildFile; fileRef = 5572926F1816D121004EFD8A /* InfoPlist.strings */; };
		557292731816D121004EFD8A /* ExampleCoreLibTests.m in Sources */ = {isa = PBXBuildFile; fileRef = 557292721816D121004EFD8A /* ExampleCoreLibTests.m */; };
/* End PBXBuildFile section */

/* Begin PBXContainerItemProxy section */
		557292691816D121004EFD8A /* PBXContainerItemProxy */ = {
			isa = PBXContainerItemProxy;
			containerPortal = 5572924B1816D121004EFD8A /* Project object */;
			proxyType = 1;
			remoteGlobalIDString = 557292521816D121004EFD8A;
			remoteInfo = ExampleCoreLib;
		};
/* End PBXContainerItemProxy section */

/* Begin PBXCopyFilesBuildPhase section */
		557292511816D121004EFD8A /* CopyFiles */ = {
			isa = PBXCopyFilesBuildPhase;
			buildActionMask = 2147483647;
			dstPath = "include/$(PRODUCT_NAME)";
			dstSubfolderSpec = 16;
			files = (
			);
			runOnlyForDeploymentPostprocessing = 0;
		};
/* End PBXCopyFilesBuildPhase section */

/* Begin PBXFileReference section */
		557292531816D121004EFD8A /* libExampleCoreLib.a */ = {isa = PBXFileReference; explicitFileType = archive.ar; includeInIndex = 0; path = libExampleCoreLib.a; sourceTree = BUILT_PRODUCTS_DIR; };
		557292561816D121004EFD8A /* Foundation.framework */ = {isa = PBXFileReference; lastKnownFileType = wrapper.framework; name = Foundation.framework; path = System/Library/Frameworks/Foundation.framework; sourceTree = SDKROOT; };
		5572925A1816D121004EFD8A /* ExampleCoreLib-Prefix.pch */ = {isa = PBXFileReference; lastKnownFileType = sourcecode.c.h; path = "ExampleCoreLib-Prefix.pch"; sourceTree = "<group>"; };
		557292631816D121004EFD8A /* ExampleCoreLibTests.xctest */ = {isa = PBXFileReference; explicitFileType = wrapper.cfbundle; includeInIndex = 0; path = ExampleCoreLibTests.xctest; sourceTree = BUILT_PRODUCTS_DIR; };
		557292641816D121004EFD8A /* XCTest.framework */ = {isa = PBXFileReference; lastKnownFileType = wrapper.framework; name = XCTest.framework; path = Library/Frameworks/XCTest.framework; sourceTree = DEVELOPER_DIR; };
		557292671816D121004EFD8A /* UIKit.framework */ = {isa = PBXFileReference; lastKnownFileType = wrapper.framework; name = UIKit.framework; path = Library/Frameworks/UIKit.framework; sourceTree = DEVELOPER_DIR; };
		5572926E1816D121004EFD8A /* ExampleCoreLibTests-Info.plist */ = {isa = PBXFileReference; lastKnownFileType = text.plist.xml; path = "ExampleCoreLibTests-Info.plist"; sourceTree = "<group>"; };
		557292701816D121004EFD8A /* en */ = {isa = PBXFileReference; lastKnownFileType = text.plist.strings; name = en; path = en.lproj/InfoPlist.strings; sourceTree = "<group>"; };
		557292721816D121004EFD8A /* ExampleCoreLibTests.m */ = {isa = PBXFileReference; lastKnownFileType = sourcecode.c.objc; path = ExampleCoreLibTests.m; sourceTree = "<group>"; };
		5572927C1816E004004EFD8A /* FooService.h */ = {isa = PBXFileReference; fileEncoding = 4; lastKnownFileType = sourcecode.c.h; path = FooService.h; sourceTree = "<group>"; };
/* End PBXFileReference section */

/* Begin PBXFrameworksBuildPhase section */
		557292501816D121004EFD8A /* Frameworks */ = {
			isa = PBXFrameworksBuildPhase;
			buildActionMask = 2147483647;
			files = (
				557292571816D121004EFD8A /* Foundation.framework in Frameworks */,
			);
			runOnlyForDeploymentPostprocessing = 0;
		};
		557292601816D121004EFD8A /* Frameworks */ = {
			isa = PBXFrameworksBuildPhase;
			buildActionMask = 2147483647;
			files = (
				557292651816D121004EFD8A /* XCTest.framework in Frameworks */,
				5572926B1816D121004EFD8A /* libExampleCoreLib.a in Frameworks */,
				557292681816D121004EFD8A /* UIKit.framework in Frameworks */,
				557292661816D121004EFD8A /* Foundation.framework in Frameworks */,
			);
			runOnlyForDeploymentPostprocessing = 0;
		};
/* End PBXFrameworksBuildPhase section */

/* Begin PBXGroup section */
		5572924A1816D121004EFD8A = {
			isa = PBXGroup;
			children = (
				557292581816D121004EFD8A /* ExampleCoreLib */,
				5572926C1816D121004EFD8A /* ExampleCoreLibTests */,
				557292551816D121004EFD8A /* Frameworks */,
				557292541816D121004EFD8A /* Products */,
			);
			sourceTree = "<group>";
		};
		557292541816D121004EFD8A /* Products */ = {
			isa = PBXGroup;
			children = (
				557292531816D121004EFD8A /* libExampleCoreLib.a */,
				557292631816D121004EFD8A /* ExampleCoreLibTests.xctest */,
			);
			name = Products;
			sourceTree = "<group>";
		};
		557292551816D121004EFD8A /* Frameworks */ = {
			isa = PBXGroup;
			children = (
				557292561816D121004EFD8A /* Foundation.framework */,
				557292641816D121004EFD8A /* XCTest.framework */,
				557292671816D121004EFD8A /* UIKit.framework */,
			);
			name = Frameworks;
			sourceTree = "<group>";
		};
		557292581816D121004EFD8A /* ExampleCoreLib */ = {
			isa = PBXGroup;
			children = (
				557292591816D121004EFD8A /* Supporting Files */,
				5572927C1816E004004EFD8A /* FooService.h */,
			);
			path = ExampleCoreLib;
			sourceTree = "<group>";
		};
		557292591816D121004EFD8A /* Supporting Files */ = {
			isa = PBXGroup;
			children = (
				5572925A1816D121004EFD8A /* ExampleCoreLib-Prefix.pch */,
			);
			name = "Supporting Files";
			sourceTree = "<group>";
		};
		5572926C1816D121004EFD8A /* ExampleCoreLibTests */ = {
			isa = PBXGroup;
			children = (
				557292721816D121004EFD8A /* ExampleCoreLibTests.m */,
				5572926D1816D121004EFD8A /* Supporting Files */,
			);
			path = ExampleCoreLibTests;
			sourceTree = "<group>";
		};
		5572926D1816D121004EFD8A /* Supporting Files */ = {
			isa = PBXGroup;
			children = (
				5572926E1816D121004EFD8A /* ExampleCoreLibTests-Info.plist */,
				5572926F1816D121004EFD8A /* InfoPlist.strings */,
			);
			name = "Supporting Files";
			sourceTree = "<group>";
		};
/* End PBXGroup section */

/* Begin PBXNativeTarget section */
		557292521816D121004EFD8A /* ExampleCoreLib */ = {
			isa = PBXNativeTarget;
			buildConfigurationList = 557292761816D121004EFD8A /* Build configuration list for PBXNativeTarget "ExampleCoreLib" */;
			buildPhases = (
				5572924F1816D121004EFD8A /* Sources */,
				557292501816D121004EFD8A /* Frameworks */,
				557292511816D121004EFD8A /* CopyFiles */,
			);
			buildRules = (
			);
			dependencies = (
			);
			name = ExampleCoreLib;
			productName = ExampleCoreLib;
			productReference = 557292531816D121004EFD8A /* libExampleCoreLib.a */;
			productType = "com.apple.product-type.library.static";
		};
		557292621816D121004EFD8A /* ExampleCoreLibTests */ = {
			isa = PBXNativeTarget;
			buildConfigurationList = 557292791816D121004EFD8A /* Build configuration list for PBXNativeTarget "ExampleCoreLibTests" */;
			buildPhases = (
				5572925F1816D121004EFD8A /* Sources */,
				557292601816D121004EFD8A /* Frameworks */,
				557292611816D121004EFD8A /* Resources */,
			);
			buildRules = (
			);
			dependencies = (
				5572926A1816D121004EFD8A /* PBXTargetDependency */,
			);
			name = ExampleCoreLibTests;
			productName = ExampleCoreLibTests;
			productReference = 557292631816D121004EFD8A /* ExampleCoreLibTests.xctest */;
			productType = "com.apple.product-type.bundle.unit-test";
		};
/* End PBXNativeTarget section */

/* Begin PBXProject section */
		5572924B1816D121004EFD8A /* Project object */ = {
			isa = PBXProject;
			attributes = {
				LastUpgradeCheck = 0500;
				ORGANIZATIONNAME = "David Welch";
			};
			buildConfigurationList = 5572924E1816D121004EFD8A /* Build configuration list for PBXProject "ExampleCoreLib" */;
			compatibilityVersion = "Xcode 3.2";
			developmentRegion = English;
			hasScannedForEncodings = 0;
			knownRegions = (
				en,
			);
			mainGroup = 5572924A1816D121004EFD8A;
			productRefGroup = 557292541816D121004EFD8A /* Products */;
			projectDirPath = "";
			projectRoot = "";
			targets = (
				557292521816D121004EFD8A /* ExampleCoreLib */,
				557292621816D121004EFD8A /* ExampleCoreLibTests */,
			);
		};
/* End PBXProject section */

/* Begin PBXResourcesBuildPhase section */
		557292611816D121004EFD8A /* Resources */ = {
			isa = PBXResourcesBuildPhase;
			buildActionMask = 2147483647;
			files = (
				557292711816D121004EFD8A /* InfoPlist.strings in Resources */,
			);
			runOnlyForDeploymentPostprocessing = 0;
		};
/* End PBXResourcesBuildPhase section */

/* Begin PBXSourcesBuildPhase section */
		5572924F1816D121004EFD8A /* Sources */ = {
			isa = PBXSourcesBuildPhase;
			buildActionMask = 2147483647;
			files = (
			);
			runOnlyForDeploymentPostprocessing = 0;
		};
		5572925F1816D121004EFD8A /* Sources */ = {
			isa = PBXSourcesBuildPhase;
			buildActionMask = 2147483647;
			files = (
				557292731816D121004EFD8A /* ExampleCoreLibTests.m in Sources */,
			);
			runOnlyForDeploymentPostprocessing = 0;
		};
/* End PBXSourcesBuildPhase section */

/* Begin PBXTargetDependency section */
		5572926A1816D121004EFD8A /* PBXTargetDependency */ = {
			isa = PBXTargetDependency;
			target = 557292521816D121004EFD8A /* ExampleCoreLib */;
			targetProxy = 557292691816D121004EFD8A /* PBXContainerItemProxy */;
		};
/* End PBXTargetDependency section */

/* Begin PBXVariantGroup section */
		5572926F1816D121004EFD8A /* InfoPlist.strings */ = {
			isa = PBXVariantGroup;
			children = (
				557292701816D121004EFD8A /* en */,
			);
			name = InfoPlist.strings;
			sourceTree = "<group>";
		};
/* End PBXVariantGroup section */

/* Begin XCBuildConfiguration section */
		557292741816D121004EFD8A /* Debug */ = {
			isa = XCBuildConfiguration;
			buildSettings = {
				ALWAYS_SEARCH_USER_PATHS = NO;
				ARCHS = "$(ARCHS_STANDARD_INCLUDING_64_BIT)";
				CLANG_CXX_LANGUAGE_STANDARD = "gnu++0x";
				CLANG_CXX_LIBRARY = "libc++";
				CLANG_ENABLE_MODULES = YES;
				CLANG_ENABLE_OBJC_ARC = YES;
				CLANG_WARN_BOOL_CONVERSION = YES;
				CLANG_WARN_CONSTANT_CONVERSION = YES;
				CLANG_WARN_DIRECT_OBJC_ISA_USAGE = YES_ERROR;
				CLANG_WARN_EMPTY_BODY = YES;
				CLANG_WARN_ENUM_CONVERSION = YES;
				CLANG_WARN_INT_CONVERSION = YES;
				CLANG_WARN_OBJC_ROOT_CLASS = YES_ERROR;
				CLANG_WARN__DUPLICATE_METHOD_MATCH = YES;
				COPY_PHASE_STRIP = NO;
				GCC_C_LANGUAGE_STANDARD = gnu99;
				GCC_DYNAMIC_NO_PIC = NO;
				GCC_OPTIMIZATION_LEVEL = 0;
				GCC_PREPROCESSOR_DEFINITIONS = (
					"DEBUG=1",
					"$(inherited)",
				);
				GCC_SYMBOLS_PRIVATE_EXTERN = NO;
				GCC_WARN_64_TO_32_BIT_CONVERSION = YES;
				GCC_WARN_ABOUT_RETURN_TYPE = YES_ERROR;
				GCC_WARN_UNDECLARED_SELECTOR = YES;
				GCC_WARN_UNINITIALIZED_AUTOS = YES;
				GCC_WARN_UNUSED_FUNCTION = YES;
				GCC_WARN_UNUSED_VARIABLE = YES;
				IPHONEOS_DEPLOYMENT_TARGET = 7.0;
				ONLY_ACTIVE_ARCH = YES;
				SDKROOT = iphoneos;
			};
			name = Debug;
		};
		557292751816D121004EFD8A /* Release */ = {
			isa = XCBuildConfiguration;
			buildSettings = {
				ALWAYS_SEARCH_USER_PATHS = NO;
				ARCHS = "$(ARCHS_STANDARD_INCLUDING_64_BIT)";
				CLANG_CXX_LANGUAGE_STANDARD = "gnu++0x";
				CLANG_CXX_LIBRARY = "libc++";
				CLANG_ENABLE_MODULES = YES;
				CLANG_ENABLE_OBJC_ARC = YES;
				CLANG_WARN_BOOL_CONVERSION = YES;
				CLANG_WARN_CONSTANT_CONVERSION = YES;
				CLANG_WARN_DIRECT_OBJC_ISA_USAGE = YES_ERROR;
				CLANG_WARN_EMPTY_BODY = YES;
				CLANG_WARN_ENUM_CONVERSION = YES;
				CLANG_WARN_INT_CONVERSION = YES;
				CLANG_WARN_OBJC_ROOT_CLASS = YES_ERROR;
				CLANG_WARN__DUPLICATE_METHOD_MATCH = YES;
				COPY_PHASE_STRIP = YES;
				ENABLE_NS_ASSERTIONS = NO;
				GCC_C_LANGUAGE_STANDARD = gnu99;
				GCC_WARN_64_TO_32_BIT_CONVERSION = YES;
				GCC_WARN_ABOUT_RETURN_TYPE = YES_ERROR;
				GCC_WARN_UNDECLARED_SELECTOR = YES;
				GCC_WARN_UNINITIALIZED_AUTOS = YES;
				GCC_WARN_UNUSED_FUNCTION = YES;
				GCC_WARN_UNUSED_VARIABLE = YES;
				IPHONEOS_DEPLOYMENT_TARGET = 7.0;
				SDKROOT = iphoneos;
				VALIDATE_PRODUCT = YES;
			};
			name = Release;
		};
		557292771816D121004EFD8A /* Debug */ = {
			isa = XCBuildConfiguration;
			buildSettings = {
				DSTROOT = /tmp/ExampleCoreLib.dst;
				GCC_PRECOMPILE_PREFIX_HEADER = YES;
				GCC_PREFIX_HEADER = "ExampleCoreLib/ExampleCoreLib-Prefix.pch";
				OTHER_LDFLAGS = "-ObjC";
				PRODUCT_NAME = "$(TARGET_NAME)";
				SKIP_INSTALL = YES;
			};
			name = Debug;
		};
		557292781816D121004EFD8A /* Release */ = {
			isa = XCBuildConfiguration;
			buildSettings = {
				DSTROOT = /tmp/ExampleCoreLib.dst;
				GCC_PRECOMPILE_PREFIX_HEADER = YES;
				GCC_PREFIX_HEADER = "ExampleCoreLib/ExampleCoreLib-Prefix.pch";
				OTHER_LDFLAGS = "-ObjC";
				PRODUCT_NAME = "$(TARGET_NAME)";
				SKIP_INSTALL = YES;
			};
			name = Release;
		};
		5572927A1816D121004EFD8A /* Debug */ = {
			isa = XCBuildConfiguration;
			buildSettings = {
				ARCHS = "$(ARCHS_STANDARD_INCLUDING_64_BIT)";
				FRAMEWORK_SEARCH_PATHS = (
					"$(SDKROOT)/Developer/Library/Frameworks",
					"$(inherited)",
					"$(DEVELOPER_FRAMEWORKS_DIR)",
				);
				GCC_PRECOMPILE_PREFIX_HEADER = YES;
				GCC_PREFIX_HEADER = "ExampleCoreLib/ExampleCoreLib-Prefix.pch";
				GCC_PREPROCESSOR_DEFINITIONS = (
					"DEBUG=1",
					"$(inherited)",
				);
				INFOPLIST_FILE = "ExampleCoreLibTests/ExampleCoreLibTests-Info.plist";
				PRODUCT_NAME = "$(TARGET_NAME)";
				WRAPPER_EXTENSION = xctest;
			};
			name = Debug;
		};
		5572927B1816D121004EFD8A /* Release */ = {
			isa = XCBuildConfiguration;
			buildSettings = {
				ARCHS = "$(ARCHS_STANDARD_INCLUDING_64_BIT)";
				FRAMEWORK_SEARCH_PATHS = (
					"$(SDKROOT)/Developer/Library/Frameworks",
					"$(inherited)",
					"$(DEVELOPER_FRAMEWORKS_DIR)",
				);
				GCC_PRECOMPILE_PREFIX_HEADER = YES;
				GCC_PREFIX_HEADER = "ExampleCoreLib/ExampleCoreLib-Prefix.pch";
				INFOPLIST_FILE = "ExampleCoreLibTests/ExampleCoreLibTests-Info.plist";
				PRODUCT_NAME = "$(TARGET_NAME)";
				WRAPPER_EXTENSION = xctest;
			};
			name = Release;
		};
/* End XCBuildConfiguration section */

/* Begin XCConfigurationList section */
		5572924E1816D121004EFD8A /* Build configuration list for PBXProject "ExampleCoreLib" */ = {
			isa = XCConfigurationList;
			buildConfigurations = (
				557292741816D121004EFD8A /* Debug */,
				557292751816D121004EFD8A /* Release */,
			);
			defaultConfigurationIsVisible = 0;
			defaultConfigurationName = Release;
		};
		557292761816D121004EFD8A /* Build configuration list for PBXNativeTarget "ExampleCoreLib" */ = {
			isa = XCConfigurationList;
			buildConfigurations = (
				557292771816D121004EFD8A /* Debug */,
				557292781816D121004EFD8A /* Release */,
			);
			defaultConfigurationIsVisible = 0;
			defaultConfigurationName = Release;
		};
		557292791816D121004EFD8A /* Build configuration list for PBXNativeTarget "ExampleCoreLibTests" */ = {
			isa = XCConfigurationList;
			buildConfigurations = (
				5572927A1816D121004EFD8A /* Debug */,
				5572927B1816D121004EFD8A /* Release */,
			);
			defaultConfigurationIsVisible = 0;
			defaultConfigurationName = Release;
		};
/* End XCConfigurationList section */
	};
	rootObject = 5572924B1816D121004EFD8A /* Project object */;
}
